{
  "lib/contracts": {
    "tag": {
      "name": "v2.2.18",
      "rev": "9c9557bfc3a43b4f770d66ef74c68f2d7e001881"
    }
  },
  "lib/forge-std": {
    "tag": {
      "name": "v1.15.0",
      "rev": "0844d7e1fc5e60d77b68e469bff60265f236c398"
    }
  },
  "lib/openzeppelin-contracts": {
    "tag": {
      "name": "v5.5.0",
      "rev": "fcbae5394ae8ad52d8e580a3477db99814b9d565"
    }
  }
}